// !$*UTF8*$!
{
	archiveVersion = 1;
	classes = {
	};
	objectVersion = 56;
	objects = {

/* Begin PBXBuildFile section */
		BC33E1602C84B8BF00656721 /* UserProfile.swift in Sources */ = {isa = PBXBuildFile; fileRef = BC33E15F2C84B8BF00656721 /* UserProfile.swift */; };
		BC33E1622C84E49400656721 /* Colors.xcassets in Resources */ = {isa = PBXBuildFile; fileRef = BC33E1612C84E49400656721 /* Colors.xcassets */; };
		BC33E1652C84E65100656721 /* Colors.swift in Sources */ = {isa = PBXBuildFile; fileRef = BC33E1642C84E65100656721 /* Colors.swift */; };
		BC33E1682C84F57C00656721 /* ButtonStyle.swift in Sources */ = {isa = PBXBuildFile; fileRef = BC33E1672C84F57C00656721 /* ButtonStyle.swift */; };
		BC33E16D2C84FB5300656721 /* SmallLogo.swift in Sources */ = {isa = PBXBuildFile; fileRef = BC33E16C2C84FB5300656721 /* SmallLogo.swift */; };
		BC33E16F2C85CFC300656721 /* FetchedObjects.swift in Sources */ = {isa = PBXBuildFile; fileRef = BC33E16E2C85CFC300656721 /* FetchedObjects.swift */; };
		BC33E1722C85D06F00656721 /* MenuListStruct.swift in Sources */ = {isa = PBXBuildFile; fileRef = BC33E1712C85D06F00656721 /* MenuListStruct.swift */; };
		BC33E1742C85D07C00656721 /* MenuItemStruct.swift in Sources */ = {isa = PBXBuildFile; fileRef = BC33E1732C85D07C00656721 /* MenuItemStruct.swift */; };
		BC33E1872C85EE8100656721 /* ExampleDatabase.xcdatamodeld in Sources */ = {isa = PBXBuildFile; fileRef = BC33E1852C85EE8100656721 /* ExampleDatabase.xcdatamodeld */; };
		BC33E1892C85EED400656721 /* Dish+CoreDataProperties.swift in Sources */ = {isa = PBXBuildFile; fileRef = BC33E1882C85EED400656721 /* Dish+CoreDataProperties.swift */; };
		BC33E18B2C85EF4300656721 /* Dish+CoreDataClass.swift in Sources */ = {isa = PBXBuildFile; fileRef = BC33E18A2C85EF4300656721 /* Dish+CoreDataClass.swift */; };
		BC33E18E2C86023E00656721 /* MenuItemView.swift in Sources */ = {isa = PBXBuildFile; fileRef = BC33E18D2C86023E00656721 /* MenuItemView.swift */; };
		BC33E1902C871A1700656721 /* FontStyle.swift in Sources */ = {isa = PBXBuildFile; fileRef = BC33E18F2C871A1700656721 /* FontStyle.swift */; };
		BC33E1A72C872B7400656721 /* MarkaziText-Regular.ttf in Resources */ = {isa = PBXBuildFile; fileRef = BC33E1A32C872B7400656721 /* MarkaziText-Regular.ttf */; };
		BC33E1A82C872B7400656721 /* MarkaziText-Medium.ttf in Resources */ = {isa = PBXBuildFile; fileRef = BC33E1A42C872B7400656721 /* MarkaziText-Medium.ttf */; };
		BC33E1A92C872B7400656721 /* MarkaziText-SemiBold.ttf in Resources */ = {isa = PBXBuildFile; fileRef = BC33E1A52C872B7400656721 /* MarkaziText-SemiBold.ttf */; };
		BC33E1AA2C872B7400656721 /* MarkaziText-Bold.ttf in Resources */ = {isa = PBXBuildFile; fileRef = BC33E1A62C872B7400656721 /* MarkaziText-Bold.ttf */; };
		BC33E1B92C872B8200656721 /* Karla-Italic.ttf in Resources */ = {isa = PBXBuildFile; fileRef = BC33E1AB2C872B8100656721 /* Karla-Italic.ttf */; };
		BC33E1BA2C872B8200656721 /* Karla-Medium.ttf in Resources */ = {isa = PBXBuildFile; fileRef = BC33E1AC2C872B8100656721 /* Karla-Medium.ttf */; };
		BC33E1BB2C872B8200656721 /* Karla-BoldItalic.ttf in Resources */ = {isa = PBXBuildFile; fileRef = BC33E1AD2C872B8100656721 /* Karla-BoldItalic.ttf */; };
		BC33E1BC2C872B8200656721 /* Karla-Bold.ttf in Resources */ = {isa = PBXBuildFile; fileRef = BC33E1AE2C872B8100656721 /* Karla-Bold.ttf */; };
		BC33E1BD2C872B8200656721 /* Karla-LightItalic.ttf in Resources */ = {isa = PBXBuildFile; fileRef = BC33E1AF2C872B8100656721 /* Karla-LightItalic.ttf */; };
		BC33E1BE2C872B8200656721 /* Karla-MediumItalic.ttf in Resources */ = {isa = PBXBuildFile; fileRef = BC33E1B02C872B8100656721 /* Karla-MediumItalic.ttf */; };
		BC33E1BF2C872B8200656721 /* Karla-Regular.ttf in Resources */ = {isa = PBXBuildFile; fileRef = BC33E1B12C872B8100656721 /* Karla-Regular.ttf */; };
		BC33E1C02C872B8200656721 /* Karla-SemiBoldItalic.ttf in Resources */ = {isa = PBXBuildFile; fileRef = BC33E1B22C872B8100656721 /* Karla-SemiBoldItalic.ttf */; };
		BC33E1C12C872B8200656721 /* Karla-ExtraLight.ttf in Resources */ = {isa = PBXBuildFile; fileRef = BC33E1B32C872B8100656721 /* Karla-ExtraLight.ttf */; };
		BC33E1C22C872B8200656721 /* Karla-ExtraBoldItalic.ttf in Resources */ = {isa = PBXBuildFile; fileRef = BC33E1B42C872B8100656721 /* Karla-ExtraBoldItalic.ttf */; };
		BC33E1C32C872B8200656721 /* Karla-SemiBold.ttf in Resources */ = {isa = PBXBuildFile; fileRef = BC33E1B52C872B8100656721 /* Karla-SemiBold.ttf */; };
		BC33E1C42C872B8200656721 /* Karla-ExtraBold.ttf in Resources */ = {isa = PBXBuildFile; fileRef = BC33E1B62C872B8100656721 /* Karla-ExtraBold.ttf */; };
		BC33E1C52C872B8200656721 /* Karla-ExtraLightItalic.ttf in Resources */ = {isa = PBXBuildFile; fileRef = BC33E1B72C872B8200656721 /* Karla-ExtraLightItalic.ttf */; };
		BC33E1C62C872B8200656721 /* Karla-Light.ttf in Resources */ = {isa = PBXBuildFile; fileRef = BC33E1B82C872B8200656721 /* Karla-Light.ttf */; };
		BC33E1C92C875F5800656721 /* Hero.swift in Sources */ = {isa = PBXBuildFile; fileRef = BC33E1C82C875F5800656721 /* Hero.swift */; };
		BC33E1CB2C8782F600656721 /* LittleLemonCapstone.png in Resources */ = {isa = PBXBuildFile; fileRef = BC33E1CA2C8782F600656721 /* LittleLemonCapstone.png */; };
		BC33E1CD2C8783A500656721 /* WIREFRAME_LittleLemonCapstone.png in Resources */ = {isa = PBXBuildFile; fileRef = BC33E1CC2C8783A500656721 /* WIREFRAME_LittleLemonCapstone.png */; };
		BC4F7D222C496E150022EA33 /* Onboarding.swift in Sources */ = {isa = PBXBuildFile; fileRef = BC4F7D212C496E150022EA33 /* Onboarding.swift */; };
		BC4F7D242C4977F60022EA33 /* Home.swift in Sources */ = {isa = PBXBuildFile; fileRef = BC4F7D232C4977F60022EA33 /* Home.swift */; };
		BC4F7D262C4978350022EA33 /* Menu.swift in Sources */ = {isa = PBXBuildFile; fileRef = BC4F7D252C4978350022EA33 /* Menu.swift */; };
		BC761C7E2C495925003FA54D /* LittleLemonCapstoneApp.swift in Sources */ = {isa = PBXBuildFile; fileRef = BC761C7D2C495925003FA54D /* LittleLemonCapstoneApp.swift */; };
		BC761C822C495927003FA54D /* Assets.xcassets in Resources */ = {isa = PBXBuildFile; fileRef = BC761C812C495927003FA54D /* Assets.xcassets */; };
		BC761C852C495927003FA54D /* Preview Assets.xcassets in Resources */ = {isa = PBXBuildFile; fileRef = BC761C842C495927003FA54D /* Preview Assets.xcassets */; };
		BC761C872C495927003FA54D /* Persistence.swift in Sources */ = {isa = PBXBuildFile; fileRef = BC761C862C495927003FA54D /* Persistence.swift */; };
/* End PBXBuildFile section */

/* Begin PBXFileReference section */
		BC33E15F2C84B8BF00656721 /* UserProfile.swift */ = {isa = PBXFileReference; lastKnownFileType = sourcecode.swift; path = UserProfile.swift; sourceTree = "<group>"; };
		BC33E1612C84E49400656721 /* Colors.xcassets */ = {isa = PBXFileReference; lastKnownFileType = folder.assetcatalog; path = Colors.xcassets; sourceTree = "<group>"; };
		BC33E1642C84E65100656721 /* Colors.swift */ = {isa = PBXFileReference; lastKnownFileType = sourcecode.swift; path = Colors.swift; sourceTree = "<group>"; };
		BC33E1672C84F57C00656721 /* ButtonStyle.swift */ = {isa = PBXFileReference; lastKnownFileType = sourcecode.swift; path = ButtonStyle.swift; sourceTree = "<group>"; };
		BC33E16C2C84FB5300656721 /* SmallLogo.swift */ = {isa = PBXFileReference; lastKnownFileType = sourcecode.swift; path = SmallLogo.swift; sourceTree = "<group>"; };
		BC33E16E2C85CFC300656721 /* FetchedObjects.swift */ = {isa = PBXFileReference; fileEncoding = 4; lastKnownFileType = sourcecode.swift; path = FetchedObjects.swift; sourceTree = "<group>"; };
		BC33E1712C85D06F00656721 /* MenuListStruct.swift */ = {isa = PBXFileReference; lastKnownFileType = sourcecode.swift; path = MenuListStruct.swift; sourceTree = "<group>"; };
		BC33E1732C85D07C00656721 /* MenuItemStruct.swift */ = {isa = PBXFileReference; lastKnownFileType = sourcecode.swift; path = MenuItemStruct.swift; sourceTree = "<group>"; };
		BC33E1862C85EE8100656721 /* ExampleDatabase.xcdatamodel */ = {isa = PBXFileReference; lastKnownFileType = wrapper.xcdatamodel; path = ExampleDatabase.xcdatamodel; sourceTree = "<group>"; };
		BC33E1882C85EED400656721 /* Dish+CoreDataProperties.swift */ = {isa = PBXFileReference; lastKnownFileType = sourcecode.swift; path = "Dish+CoreDataProperties.swift"; sourceTree = "<group>"; };
		BC33E18A2C85EF4300656721 /* Dish+CoreDataClass.swift */ = {isa = PBXFileReference; lastKnownFileType = sourcecode.swift; path = "Dish+CoreDataClass.swift"; sourceTree = "<group>"; };
		BC33E18D2C86023E00656721 /* MenuItemView.swift */ = {isa = PBXFileReference; lastKnownFileType = sourcecode.swift; path = MenuItemView.swift; sourceTree = "<group>"; };
		BC33E18F2C871A1700656721 /* FontStyle.swift */ = {isa = PBXFileReference; lastKnownFileType = sourcecode.swift; path = FontStyle.swift; sourceTree = "<group>"; };
		BC33E1932C87206800656721 /* Info.plist */ = {isa = PBXFileReference; lastKnownFileType = text.plist; path = Info.plist; sourceTree = "<group>"; };
		BC33E1A32C872B7400656721 /* MarkaziText-Regular.ttf */ = {isa = PBXFileReference; lastKnownFileType = file; path = "MarkaziText-Regular.ttf"; sourceTree = "<group>"; };
		BC33E1A42C872B7400656721 /* MarkaziText-Medium.ttf */ = {isa = PBXFileReference; lastKnownFileType = file; path = "MarkaziText-Medium.ttf"; sourceTree = "<group>"; };
		BC33E1A52C872B7400656721 /* MarkaziText-SemiBold.ttf */ = {isa = PBXFileReference; lastKnownFileType = file; path = "MarkaziText-SemiBold.ttf"; sourceTree = "<group>"; };
		BC33E1A62C872B7400656721 /* MarkaziText-Bold.ttf */ = {isa = PBXFileReference; lastKnownFileType = file; path = "MarkaziText-Bold.ttf"; sourceTree = "<group>"; };
		BC33E1AB2C872B8100656721 /* Karla-Italic.ttf */ = {isa = PBXFileReference; lastKnownFileType = file; path = "Karla-Italic.ttf"; sourceTree = "<group>"; };
		BC33E1AC2C872B8100656721 /* Karla-Medium.ttf */ = {isa = PBXFileReference; lastKnownFileType = file; path = "Karla-Medium.ttf"; sourceTree = "<group>"; };
		BC33E1AD2C872B8100656721 /* Karla-BoldItalic.ttf */ = {isa = PBXFileReference; lastKnownFileType = file; path = "Karla-BoldItalic.ttf"; sourceTree = "<group>"; };
		BC33E1AE2C872B8100656721 /* Karla-Bold.ttf */ = {isa = PBXFileReference; lastKnownFileType = file; path = "Karla-Bold.ttf"; sourceTree = "<group>"; };
		BC33E1AF2C872B8100656721 /* Karla-LightItalic.ttf */ = {isa = PBXFileReference; lastKnownFileType = file; path = "Karla-LightItalic.ttf"; sourceTree = "<group>"; };
		BC33E1B02C872B8100656721 /* Karla-MediumItalic.ttf */ = {isa = PBXFileReference; lastKnownFileType = file; path = "Karla-MediumItalic.ttf"; sourceTree = "<group>"; };
		BC33E1B12C872B8100656721 /* Karla-Regular.ttf */ = {isa = PBXFileReference; lastKnownFileType = file; path = "Karla-Regular.ttf"; sourceTree = "<group>"; };
		BC33E1B22C872B8100656721 /* Karla-SemiBoldItalic.ttf */ = {isa = PBXFileReference; lastKnownFileType = file; path = "Karla-SemiBoldItalic.ttf"; sourceTree = "<group>"; };
		BC33E1B32C872B8100656721 /* Karla-ExtraLight.ttf */ = {isa = PBXFileReference; lastKnownFileType = file; path = "Karla-ExtraLight.ttf"; sourceTree = "<group>"; };
		BC33E1B42C872B8100656721 /* Karla-ExtraBoldItalic.ttf */ = {isa = PBXFileReference; lastKnownFileType = file; path = "Karla-ExtraBoldItalic.ttf"; sourceTree = "<group>"; };
		BC33E1B52C872B8100656721 /* Karla-SemiBold.ttf */ = {isa = PBXFileReference; lastKnownFileType = file; path = "Karla-SemiBold.ttf"; sourceTree = "<group>"; };
		BC33E1B62C872B8100656721 /* Karla-ExtraBold.ttf */ = {isa = PBXFileReference; lastKnownFileType = file; path = "Karla-ExtraBold.ttf"; sourceTree = "<group>"; };
		BC33E1B72C872B8200656721 /* Karla-ExtraLightItalic.ttf */ = {isa = PBXFileReference; lastKnownFileType = file; path = "Karla-ExtraLightItalic.ttf"; sourceTree = "<group>"; };
		BC33E1B82C872B8200656721 /* Karla-Light.ttf */ = {isa = PBXFileReference; lastKnownFileType = file; path = "Karla-Light.ttf"; sourceTree = "<group>"; };
		BC33E1C82C875F5800656721 /* Hero.swift */ = {isa = PBXFileReference; lastKnownFileType = sourcecode.swift; path = Hero.swift; sourceTree = "<group>"; };
		BC33E1CA2C8782F600656721 /* LittleLemonCapstone.png */ = {isa = PBXFileReference; lastKnownFileType = image.png; path = LittleLemonCapstone.png; sourceTree = "<group>"; };
		BC33E1CC2C8783A500656721 /* WIREFRAME_LittleLemonCapstone.png */ = {isa = PBXFileReference; lastKnownFileType = image.png; path = WIREFRAME_LittleLemonCapstone.png; sourceTree = "<group>"; };
		BC4F7D212C496E150022EA33 /* Onboarding.swift */ = {isa = PBXFileReference; lastKnownFileType = sourcecode.swift; path = Onboarding.swift; sourceTree = "<group>"; };
		BC4F7D232C4977F60022EA33 /* Home.swift */ = {isa = PBXFileReference; lastKnownFileType = sourcecode.swift; path = Home.swift; sourceTree = "<group>"; };
		BC4F7D252C4978350022EA33 /* Menu.swift */ = {isa = PBXFileReference; lastKnownFileType = sourcecode.swift; path = Menu.swift; sourceTree = "<group>"; };
		BC761C7A2C495925003FA54D /* LittleLemonCapstone.app */ = {isa = PBXFileReference; explicitFileType = wrapper.application; includeInIndex = 0; path = LittleLemonCapstone.app; sourceTree = BUILT_PRODUCTS_DIR; };
		BC761C7D2C495925003FA54D /* LittleLemonCapstoneApp.swift */ = {isa = PBXFileReference; lastKnownFileType = sourcecode.swift; path = LittleLemonCapstoneApp.swift; sourceTree = "<group>"; };
		BC761C812C495927003FA54D /* Assets.xcassets */ = {isa = PBXFileReference; lastKnownFileType = folder.assetcatalog; path = Assets.xcassets; sourceTree = "<group>"; };
		BC761C842C495927003FA54D /* Preview Assets.xcassets */ = {isa = PBXFileReference; lastKnownFileType = folder.assetcatalog; path = "Preview Assets.xcassets"; sourceTree = "<group>"; };
		BC761C862C495927003FA54D /* Persistence.swift */ = {isa = PBXFileReference; lastKnownFileType = sourcecode.swift; path = Persistence.swift; sourceTree = "<group>"; };
/* End PBXFileReference section */

/* Begin PBXFrameworksBuildPhase section */
		BC761C772C495925003FA54D /* Frameworks */ = {
			isa = PBXFrameworksBuildPhase;
			buildActionMask = 2147483647;
			files = (
			);
			runOnlyForDeploymentPostprocessing = 0;
		};
/* End PBXFrameworksBuildPhase section */

/* Begin PBXGroup section */
		BC33E1632C84E62600656721 /* Globals */ = {
			isa = PBXGroup;
			children = (
				BC33E1642C84E65100656721 /* Colors.swift */,
			);
			path = Globals;
			sourceTree = "<group>";
		};
		BC33E1662C84F52D00656721 /* Styles */ = {
			isa = PBXGroup;
			children = (
				BC33E1672C84F57C00656721 /* ButtonStyle.swift */,
				BC33E18F2C871A1700656721 /* FontStyle.swift */,
			);
			path = Styles;
			sourceTree = "<group>";
		};
		BC33E16B2C84FB3C00656721 /* Components */ = {
			isa = PBXGroup;
			children = (
				BC33E16C2C84FB5300656721 /* SmallLogo.swift */,
				BC33E18D2C86023E00656721 /* MenuItemView.swift */,
				BC33E1C82C875F5800656721 /* Hero.swift */,
			);
			path = Components;
			sourceTree = "<group>";
		};
		BC33E1702C85D04E00656721 /* Models */ = {
			isa = PBXGroup;
			children = (
				BC33E1712C85D06F00656721 /* MenuListStruct.swift */,
				BC33E1732C85D07C00656721 /* MenuItemStruct.swift */,
			);
			path = Models;
			sourceTree = "<group>";
		};
		BC33E18C2C85FF1500656721 /* CoreData */ = {
			isa = PBXGroup;
			children = (
				BC33E1882C85EED400656721 /* Dish+CoreDataProperties.swift */,
				BC33E18A2C85EF4300656721 /* Dish+CoreDataClass.swift */,
			);
			path = CoreData;
			sourceTree = "<group>";
		};
		BC33E19E2C87248700656721 /* Fonts */ = {
			isa = PBXGroup;
			children = (
				BC33E1A62C872B7400656721 /* MarkaziText-Bold.ttf */,
				BC33E1A42C872B7400656721 /* MarkaziText-Medium.ttf */,
				BC33E1A32C872B7400656721 /* MarkaziText-Regular.ttf */,
				BC33E1A52C872B7400656721 /* MarkaziText-SemiBold.ttf */,
				BC33E1AE2C872B8100656721 /* Karla-Bold.ttf */,
				BC33E1AD2C872B8100656721 /* Karla-BoldItalic.ttf */,
				BC33E1B62C872B8100656721 /* Karla-ExtraBold.ttf */,
				BC33E1B42C872B8100656721 /* Karla-ExtraBoldItalic.ttf */,
				BC33E1B32C872B8100656721 /* Karla-ExtraLight.ttf */,
				BC33E1B72C872B8200656721 /* Karla-ExtraLightItalic.ttf */,
				BC33E1AB2C872B8100656721 /* Karla-Italic.ttf */,
				BC33E1B82C872B8200656721 /* Karla-Light.ttf */,
				BC33E1AF2C872B8100656721 /* Karla-LightItalic.ttf */,
				BC33E1AC2C872B8100656721 /* Karla-Medium.ttf */,
				BC33E1B02C872B8100656721 /* Karla-MediumItalic.ttf */,
				BC33E1B12C872B8100656721 /* Karla-Regular.ttf */,
				BC33E1B52C872B8100656721 /* Karla-SemiBold.ttf */,
				BC33E1B22C872B8100656721 /* Karla-SemiBoldItalic.ttf */,
			);
			path = Fonts;
			sourceTree = "<group>";
		};
		BC761C712C495925003FA54D = {
			isa = PBXGroup;
			children = (
				BC33E1CC2C8783A500656721 /* WIREFRAME_LittleLemonCapstone.png */,
				BC761C7C2C495925003FA54D /* LittleLemonCapstone */,
				BC761C7B2C495925003FA54D /* Products */,
			);
			sourceTree = "<group>";
		};
		BC761C7B2C495925003FA54D /* Products */ = {
			isa = PBXGroup;
			children = (
				BC761C7A2C495925003FA54D /* LittleLemonCapstone.app */,
			);
			name = Products;
			sourceTree = "<group>";
		};
		BC761C7C2C495925003FA54D /* LittleLemonCapstone */ = {
			isa = PBXGroup;
			children = (
				BC33E19E2C87248700656721 /* Fonts */,
				BC33E1932C87206800656721 /* Info.plist */,
				BC33E18C2C85FF1500656721 /* CoreData */,
				BC33E1702C85D04E00656721 /* Models */,
				BC33E16B2C84FB3C00656721 /* Components */,
				BC33E1662C84F52D00656721 /* Styles */,
				BC33E1632C84E62600656721 /* Globals */,
				BC761C7D2C495925003FA54D /* LittleLemonCapstoneApp.swift */,
				BC33E15F2C84B8BF00656721 /* UserProfile.swift */,
				BC761C812C495927003FA54D /* Assets.xcassets */,
				BC33E1612C84E49400656721 /* Colors.xcassets */,
				BC761C862C495927003FA54D /* Persistence.swift */,
				BC761C832C495927003FA54D /* Preview Content */,
				BC4F7D212C496E150022EA33 /* Onboarding.swift */,
				BC4F7D232C4977F60022EA33 /* Home.swift */,
				BC4F7D252C4978350022EA33 /* Menu.swift */,
				BC33E16E2C85CFC300656721 /* FetchedObjects.swift */,
				BC33E1852C85EE8100656721 /* ExampleDatabase.xcdatamodeld */,
				BC33E1CA2C8782F600656721 /* LittleLemonCapstone.png */,
			);
			path = LittleLemonCapstone;
			sourceTree = "<group>";
		};
		BC761C832C495927003FA54D /* Preview Content */ = {
			isa = PBXGroup;
			children = (
				BC761C842C495927003FA54D /* Preview Assets.xcassets */,
			);
			path = "Preview Content";
			sourceTree = "<group>";
		};
/* End PBXGroup section */

/* Begin PBXNativeTarget section */
		BC761C792C495925003FA54D /* LittleLemonCapstone */ = {
			isa = PBXNativeTarget;
			buildConfigurationList = BC761C8D2C495927003FA54D /* Build configuration list for PBXNativeTarget "LittleLemonCapstone" */;
			buildPhases = (
				BC761C762C495925003FA54D /* Sources */,
				BC761C772C495925003FA54D /* Frameworks */,
				BC761C782C495925003FA54D /* Resources */,
			);
			buildRules = (
			);
			dependencies = (
			);
			name = LittleLemonCapstone;
			productName = LittleLemonCapstone;
			productReference = BC761C7A2C495925003FA54D /* LittleLemonCapstone.app */;
			productType = "com.apple.product-type.application";
		};
/* End PBXNativeTarget section */

/* Begin PBXProject section */
		BC761C722C495925003FA54D /* Project object */ = {
			isa = PBXProject;
			attributes = {
				BuildIndependentTargetsInParallel = 1;
				LastSwiftUpdateCheck = 1520;
				LastUpgradeCheck = 1520;
				TargetAttributes = {
					BC761C792C495925003FA54D = {
						CreatedOnToolsVersion = 15.2;
					};
				};
			};
			buildConfigurationList = BC761C752C495925003FA54D /* Build configuration list for PBXProject "LittleLemonCapstone" */;
			compatibilityVersion = "Xcode 14.0";
			developmentRegion = en;
			hasScannedForEncodings = 0;
			knownRegions = (
				en,
				Base,
			);
			mainGroup = BC761C712C495925003FA54D;
			productRefGroup = BC761C7B2C495925003FA54D /* Products */;
			projectDirPath = "";
			projectRoot = "";
			targets = (
				BC761C792C495925003FA54D /* LittleLemonCapstone */,
			);
		};
/* End PBXProject section */

/* Begin PBXResourcesBuildPhase section */
		BC761C782C495925003FA54D /* Resources */ = {
			isa = PBXResourcesBuildPhase;
			buildActionMask = 2147483647;
			files = (
				BC33E1CB2C8782F600656721 /* LittleLemonCapstone.png in Resources */,
				BC33E1C52C872B8200656721 /* Karla-ExtraLightItalic.ttf in Resources */,
				BC33E1A92C872B7400656721 /* MarkaziText-SemiBold.ttf in Resources */,
				BC33E1622C84E49400656721 /* Colors.xcassets in Resources */,
				BC33E1B92C872B8200656721 /* Karla-Italic.ttf in Resources */,
				BC33E1BD2C872B8200656721 /* Karla-LightItalic.ttf in Resources */,
				BC33E1CD2C8783A500656721 /* WIREFRAME_LittleLemonCapstone.png in Resources */,
				BC33E1C12C872B8200656721 /* Karla-ExtraLight.ttf in Resources */,
				BC33E1BE2C872B8200656721 /* Karla-MediumItalic.ttf in Resources */,
				BC33E1C62C872B8200656721 /* Karla-Light.ttf in Resources */,
				BC33E1BC2C872B8200656721 /* Karla-Bold.ttf in Resources */,
				BC33E1A82C872B7400656721 /* MarkaziText-Medium.ttf in Resources */,
				BC33E1AA2C872B7400656721 /* MarkaziText-Bold.ttf in Resources */,
				BC761C852C495927003FA54D /* Preview Assets.xcassets in Resources */,
				BC33E1C02C872B8200656721 /* Karla-SemiBoldItalic.ttf in Resources */,
				BC33E1A72C872B7400656721 /* MarkaziText-Regular.ttf in Resources */,
				BC33E1BB2C872B8200656721 /* Karla-BoldItalic.ttf in Resources */,
				BC33E1BF2C872B8200656721 /* Karla-Regular.ttf in Resources */,
				BC33E1C22C872B8200656721 /* Karla-ExtraBoldItalic.ttf in Resources */,
				BC33E1C32C872B8200656721 /* Karla-SemiBold.ttf in Resources */,
				BC33E1BA2C872B8200656721 /* Karla-Medium.ttf in Resources */,
				BC33E1C42C872B8200656721 /* Karla-ExtraBold.ttf in Resources */,
				BC761C822C495927003FA54D /* Assets.xcassets in Resources */,
			);
			runOnlyForDeploymentPostprocessing = 0;
		};
/* End PBXResourcesBuildPhase section */

/* Begin PBXSourcesBuildPhase section */
		BC761C762C495925003FA54D /* Sources */ = {
			isa = PBXSourcesBuildPhase;
			buildActionMask = 2147483647;
			files = (
				BC4F7D262C4978350022EA33 /* Menu.swift in Sources */,
				BC33E1652C84E65100656721 /* Colors.swift in Sources */,
				BC33E1682C84F57C00656721 /* ButtonStyle.swift in Sources */,
				BC33E1892C85EED400656721 /* Dish+CoreDataProperties.swift in Sources */,
				BC33E1902C871A1700656721 /* FontStyle.swift in Sources */,
				BC33E1602C84B8BF00656721 /* UserProfile.swift in Sources */,
				BC761C872C495927003FA54D /* Persistence.swift in Sources */,
				BC33E1742C85D07C00656721 /* MenuItemStruct.swift in Sources */,
				BC33E16D2C84FB5300656721 /* SmallLogo.swift in Sources */,
				BC4F7D242C4977F60022EA33 /* Home.swift in Sources */,
				BC4F7D222C496E150022EA33 /* Onboarding.swift in Sources */,
				BC33E1C92C875F5800656721 /* Hero.swift in Sources */,
				BC33E16F2C85CFC300656721 /* FetchedObjects.swift in Sources */,
				BC33E1722C85D06F00656721 /* MenuListStruct.swift in Sources */,
				BC33E18E2C86023E00656721 /* MenuItemView.swift in Sources */,
				BC761C7E2C495925003FA54D /* LittleLemonCapstoneApp.swift in Sources */,
				BC33E18B2C85EF4300656721 /* Dish+CoreDataClass.swift in Sources */,
				BC33E1872C85EE8100656721 /* ExampleDatabase.xcdatamodeld in Sources */,
			);
			runOnlyForDeploymentPostprocessing = 0;
		};
/* End PBXSourcesBuildPhase section */

/* Begin XCBuildConfiguration section */
		BC761C8B2C495927003FA54D /* Debug */ = {
			isa = XCBuildConfiguration;
			buildSettings = {
				ALWAYS_SEARCH_USER_PATHS = NO;
				ASSETCATALOG_COMPILER_GENERATE_SWIFT_ASSET_SYMBOL_EXTENSIONS = YES;
				CLANG_ANALYZER_NONNULL = YES;
				CLANG_ANALYZER_NUMBER_OBJECT_CONVERSION = YES_AGGRESSIVE;
				CLANG_CXX_LANGUAGE_STANDARD = "gnu++20";
				CLANG_ENABLE_MODULES = YES;
				CLANG_ENABLE_OBJC_ARC = YES;
				CLANG_ENABLE_OBJC_WEAK = YES;
				CLANG_WARN_BLOCK_CAPTURE_AUTORELEASING = YES;
				CLANG_WARN_BOOL_CONVERSION = YES;
				CLANG_WARN_COMMA = YES;
				CLANG_WARN_CONSTANT_CONVERSION = YES;
				CLANG_WARN_DEPRECATED_OBJC_IMPLEMENTATIONS = YES;
				CLANG_WARN_DIRECT_OBJC_ISA_USAGE = YES_ERROR;
				CLANG_WARN_DOCUMENTATION_COMMENTS = YES;
				CLANG_WARN_EMPTY_BODY = YES;
				CLANG_WARN_ENUM_CONVERSION = YES;
				CLANG_WARN_INFINITE_RECURSION = YES;
				CLANG_WARN_INT_CONVERSION = YES;
				CLANG_WARN_NON_LITERAL_NULL_CONVERSION = YES;
				CLANG_WARN_OBJC_IMPLICIT_RETAIN_SELF = YES;
				CLANG_WARN_OBJC_LITERAL_CONVERSION = YES;
				CLANG_WARN_OBJC_ROOT_CLASS = YES_ERROR;
				CLANG_WARN_QUOTED_INCLUDE_IN_FRAMEWORK_HEADER = YES;
				CLANG_WARN_RANGE_LOOP_ANALYSIS = YES;
				CLANG_WARN_STRICT_PROTOTYPES = YES;
				CLANG_WARN_SUSPICIOUS_MOVE = YES;
				CLANG_WARN_UNGUARDED_AVAILABILITY = YES_AGGRESSIVE;
				CLANG_WARN_UNREACHABLE_CODE = YES;
				CLANG_WARN__DUPLICATE_METHOD_MATCH = YES;
				COPY_PHASE_STRIP = NO;
				DEBUG_INFORMATION_FORMAT = dwarf;
				ENABLE_STRICT_OBJC_MSGSEND = YES;
				ENABLE_TESTABILITY = YES;
				ENABLE_USER_SCRIPT_SANDBOXING = YES;
				GCC_C_LANGUAGE_STANDARD = gnu17;
				GCC_DYNAMIC_NO_PIC = NO;
				GCC_NO_COMMON_BLOCKS = YES;
				GCC_OPTIMIZATION_LEVEL = 0;
				GCC_PREPROCESSOR_DEFINITIONS = (
					"DEBUG=1",
					"$(inherited)",
				);
				GCC_WARN_64_TO_32_BIT_CONVERSION = YES;
				GCC_WARN_ABOUT_RETURN_TYPE = YES_ERROR;
				GCC_WARN_UNDECLARED_SELECTOR = YES;
				GCC_WARN_UNINITIALIZED_AUTOS = YES_AGGRESSIVE;
				GCC_WARN_UNUSED_FUNCTION = YES;
				GCC_WARN_UNUSED_VARIABLE = YES;
				IPHONEOS_DEPLOYMENT_TARGET = 17.2;
				LOCALIZATION_PREFERS_STRING_CATALOGS = YES;
				MTL_ENABLE_DEBUG_INFO = INCLUDE_SOURCE;
				MTL_FAST_MATH = YES;
				ONLY_ACTIVE_ARCH = YES;
				SDKROOT = iphoneos;
				SWIFT_ACTIVE_COMPILATION_CONDITIONS = "DEBUG $(inherited)";
				SWIFT_OPTIMIZATION_LEVEL = "-Onone";
			};
			name = Debug;
		};
		BC761C8C2C495927003FA54D /* Release */ = {
			isa = XCBuildConfiguration;
			buildSettings = {
				ALWAYS_SEARCH_USER_PATHS = NO;
				ASSETCATALOG_COMPILER_GENERATE_SWIFT_ASSET_SYMBOL_EXTENSIONS = YES;
				CLANG_ANALYZER_NONNULL = YES;
				CLANG_ANALYZER_NUMBER_OBJECT_CONVERSION = YES_AGGRESSIVE;
				CLANG_CXX_LANGUAGE_STANDARD = "gnu++20";
				CLANG_ENABLE_MODULES = YES;
				CLANG_ENABLE_OBJC_ARC = YES;
				CLANG_ENABLE_OBJC_WEAK = YES;
				CLANG_WARN_BLOCK_CAPTURE_AUTORELEASING = YES;
				CLANG_WARN_BOOL_CONVERSION = YES;
				CLANG_WARN_COMMA = YES;
				CLANG_WARN_CONSTANT_CONVERSION = YES;
				CLANG_WARN_DEPRECATED_OBJC_IMPLEMENTATIONS = YES;
				CLANG_WARN_DIRECT_OBJC_ISA_USAGE = YES_ERROR;
				CLANG_WARN_DOCUMENTATION_COMMENTS = YES;
				CLANG_WARN_EMPTY_BODY = YES;
				CLANG_WARN_ENUM_CONVERSION = YES;
				CLANG_WARN_INFINITE_RECURSION = YES;
				CLANG_WARN_INT_CONVERSION = YES;
				CLANG_WARN_NON_LITERAL_NULL_CONVERSION = YES;
				CLANG_WARN_OBJC_IMPLICIT_RETAIN_SELF = YES;
				CLANG_WARN_OBJC_LITERAL_CONVERSION = YES;
				CLANG_WARN_OBJC_ROOT_CLASS = YES_ERROR;
				CLANG_WARN_QUOTED_INCLUDE_IN_FRAMEWORK_HEADER = YES;
				CLANG_WARN_RANGE_LOOP_ANALYSIS = YES;
				CLANG_WARN_STRICT_PROTOTYPES = YES;
				CLANG_WARN_SUSPICIOUS_MOVE = YES;
				CLANG_WARN_UNGUARDED_AVAILABILITY = YES_AGGRESSIVE;
				CLANG_WARN_UNREACHABLE_CODE = YES;
				CLANG_WARN__DUPLICATE_METHOD_MATCH = YES;
				COPY_PHASE_STRIP = NO;
				DEBUG_INFORMATION_FORMAT = "dwarf-with-dsym";
				ENABLE_NS_ASSERTIONS = NO;
				ENABLE_STRICT_OBJC_MSGSEND = YES;
				ENABLE_USER_SCRIPT_SANDBOXING = YES;
				GCC_C_LANGUAGE_STANDARD = gnu17;
				GCC_NO_COMMON_BLOCKS = YES;
				GCC_WARN_64_TO_32_BIT_CONVERSION = YES;
				GCC_WARN_ABOUT_RETURN_TYPE = YES_ERROR;
				GCC_WARN_UNDECLARED_SELECTOR = YES;
				GCC_WARN_UNINITIALIZED_AUTOS = YES_AGGRESSIVE;
				GCC_WARN_UNUSED_FUNCTION = YES;
				GCC_WARN_UNUSED_VARIABLE = YES;
				IPHONEOS_DEPLOYMENT_TARGET = 17.2;
				LOCALIZATION_PREFERS_STRING_CATALOGS = YES;
				MTL_ENABLE_DEBUG_INFO = NO;
				MTL_FAST_MATH = YES;
				SDKROOT = iphoneos;
				SWIFT_COMPILATION_MODE = wholemodule;
				VALIDATE_PRODUCT = YES;
			};
			name = Release;
		};
		BC761C8E2C495927003FA54D /* Debug */ = {
			isa = XCBuildConfiguration;
			buildSettings = {
				ASSETCATALOG_COMPILER_APPICON_NAME = AppIcon;
				ASSETCATALOG_COMPILER_GLOBAL_ACCENT_COLOR_NAME = AccentColor;
				CODE_SIGN_STYLE = Automatic;
				CURRENT_PROJECT_VERSION = 1;
				DEVELOPMENT_ASSET_PATHS = "\"LittleLemonCapstone/Preview Content\"";
				DEVELOPMENT_TEAM = YZX3W3HDPC;
				ENABLE_PREVIEWS = YES;
				GENERATE_INFOPLIST_FILE = YES;
				INFOPLIST_FILE = LittleLemonCapstone/Info.plist;
				INFOPLIST_KEY_LSApplicationCategoryType = "";
				INFOPLIST_KEY_UIApplicationSceneManifest_Generation = YES;
				INFOPLIST_KEY_UIApplicationSupportsIndirectInputEvents = YES;
				INFOPLIST_KEY_UILaunchScreen_Generation = YES;
				INFOPLIST_KEY_UISupportedInterfaceOrientations_iPad = "UIInterfaceOrientationPortrait UIInterfaceOrientationPortraitUpsideDown UIInterfaceOrientationLandscapeLeft UIInterfaceOrientationLandscapeRight";
				INFOPLIST_KEY_UISupportedInterfaceOrientations_iPhone = "UIInterfaceOrientationPortrait UIInterfaceOrientationLandscapeLeft UIInterfaceOrientationLandscapeRight";
				LD_RUNPATH_SEARCH_PATHS = (
					"$(inherited)",
					"@executable_path/Frameworks",
				);
				MARKETING_VERSION = 1.0;
				PRODUCT_BUNDLE_IDENTIFIER = vteodoro.LittleLemonCapstone;
				PRODUCT_NAME = "$(TARGET_NAME)";
				SWIFT_EMIT_LOC_STRINGS = YES;
				SWIFT_VERSION = 5.0;
				TARGETED_DEVICE_FAMILY = "1,2";
			};
			name = Debug;
		};
		BC761C8F2C495927003FA54D /* Release */ = {
			isa = XCBuildConfiguration;
			buildSettings = {
				ASSETCATALOG_COMPILER_APPICON_NAME = AppIcon;
				ASSETCATALOG_COMPILER_GLOBAL_ACCENT_COLOR_NAME = AccentColor;
				CODE_SIGN_STYLE = Automatic;
				CURRENT_PROJECT_VERSION = 1;
				DEVELOPMENT_ASSET_PATHS = "\"LittleLemonCapstone/Preview Content\"";
				DEVELOPMENT_TEAM = YZX3W3HDPC;
				ENABLE_PREVIEWS = YES;
				GENERATE_INFOPLIST_FILE = YES;
				INFOPLIST_FILE = LittleLemonCapstone/Info.plist;
				INFOPLIST_KEY_LSApplicationCategoryType = "";
				INFOPLIST_KEY_UIApplicationSceneManifest_Generation = YES;
				INFOPLIST_KEY_UIApplicationSupportsIndirectInputEvents = YES;
				INFOPLIST_KEY_UILaunchScreen_Generation = YES;
				INFOPLIST_KEY_UISupportedInterfaceOrientations_iPad = "UIInterfaceOrientationPortrait UIInterfaceOrientationPortraitUpsideDown UIInterfaceOrientationLandscapeLeft UIInterfaceOrientationLandscapeRight";
				INFOPLIST_KEY_UISupportedInterfaceOrientations_iPhone = "UIInterfaceOrientationPortrait UIInterfaceOrientationLandscapeLeft UIInterfaceOrientationLandscapeRight";
				LD_RUNPATH_SEARCH_PATHS = (
					"$(inherited)",
					"@executable_path/Frameworks",
				);
				MARKETING_VERSION = 1.0;
				PRODUCT_BUNDLE_IDENTIFIER = vteodoro.LittleLemonCapstone;
				PRODUCT_NAME = "$(TARGET_NAME)";
				SWIFT_EMIT_LOC_STRINGS = YES;
				SWIFT_VERSION = 5.0;
				TARGETED_DEVICE_FAMILY = "1,2";
			};
			name = Release;
		};
/* End XCBuildConfiguration section */

/* Begin XCConfigurationList section */
		BC761C752C495925003FA54D /* Build configuration list for PBXProject "LittleLemonCapstone" */ = {
			isa = XCConfigurationList;
			buildConfigurations = (
				BC761C8B2C495927003FA54D /* Debug */,
				BC761C8C2C495927003FA54D /* Release */,
			);
			defaultConfigurationIsVisible = 0;
			defaultConfigurationName = Release;
		};
		BC761C8D2C495927003FA54D /* Build configuration list for PBXNativeTarget "LittleLemonCapstone" */ = {
			isa = XCConfigurationList;
			buildConfigurations = (
				BC761C8E2C495927003FA54D /* Debug */,
				BC761C8F2C495927003FA54D /* Release */,
			);
			defaultConfigurationIsVisible = 0;
			defaultConfigurationName = Release;
		};
/* End XCConfigurationList section */

/* Begin XCVersionGroup section */
		BC33E1852C85EE8100656721 /* ExampleDatabase.xcdatamodeld */ = {
			isa = XCVersionGroup;
			children = (
				BC33E1862C85EE8100656721 /* ExampleDatabase.xcdatamodel */,
			);
			currentVersion = BC33E1862C85EE8100656721 /* ExampleDatabase.xcdatamodel */;
			path = ExampleDatabase.xcdatamodeld;
			sourceTree = "<group>";
			versionGroupType = wrapper.xcdatamodel;
		};
/* End XCVersionGroup section */
	};
	rootObject = BC761C722C495925003FA54D /* Project object */;
}
